
Microsoft Visual Studio Solution File, Format Version 12.00
# Visual Studio 15
VisualStudioVersion = 15.0.27004.2006
MinimumVisualStudioVersion = 10.0.40219.1
Project("{FAE04EC0-301F-11D3-BF4B-00C04F79EFBC}") = "IMSWebApp", "IMSWebApp\IMSWebApp.csproj", "{3C96CE89-C93F-480D-B061-3ECAE8C2FB51}"
EndProject
Global
	GlobalSection(SolutionConfigurationPlatforms) = preSolution
		Debug|Any CPU = Debug|Any CPU
		Release|Any CPU = Release|Any CPU
	EndGlobalSection
	GlobalSection(ProjectConfigurationPlatforms) = postSolution
		{3C96CE89-C93F-480D-B061-3ECAE8C2FB51}.Debug|Any CPU.ActiveCfg = Debug|Any CPU
		{3C96CE89-C93F-480D-B061-3ECAE8C2FB51}.Debug|Any CPU.Build.0 = Debug|Any CPU
		{3C96CE89-C93F-480D-B061-3ECAE8C2FB51}.Release|Any CPU.ActiveCfg = Release|Any CPU
		{3C96CE89-C93F-480D-B061-3ECAE8C2FB51}.Release|Any CPU.Build.0 = Release|Any CPU
	EndGlobalSection
	GlobalSection(SolutionProperties) = preSolution
		HideSolutionNode = FALSE
	EndGlobalSection
	GlobalSection(ExtensibilityGlobals) = postSolution
		SolutionGuid = {96A1635A-2D81-4F03-86A3-AE8181386123}
	EndGlobalSection
EndGlobal
